
Microsoft Visual Studio Solution File, Format Version 12.00
# Visual Studio Version 17
VisualStudioVersion = 17.0.31919.166
MinimumVisualStudioVersion = 10.0.40219.1
Project("{6EC3EE1D-3C4E-46DD-8F32-0CC8E7565705}") = "mipsdump", "mipsdump\mipsdump.fsproj", "{F9898636-B738-4FD6-9FFD-8344ADF1428B}"
EndProject
Project("{6EC3EE1D-3C4E-46DD-8F32-0CC8E7565705}") = "mipsdump.test", "mipsdump.test\mipsdump.test.fsproj", "{089A2A59-0CC6-48D5-AF72-11EE03B18F83}"
EndProject
Global
	GlobalSection(SolutionConfigurationPlatforms) = preSolution
		Debug|Any CPU = Debug|Any CPU
		Release|Any CPU = Release|Any CPU
	EndGlobalSection
	GlobalSection(ProjectConfigurationPlatforms) = postSolution
		{F9898636-B738-4FD6-9FFD-8344ADF1428B}.Debug|Any CPU.ActiveCfg = Debug|Any CPU
		{F9898636-B738-4FD6-9FFD-8344ADF1428B}.Debug|Any CPU.Build.0 = Debug|Any CPU
		{F9898636-B738-4FD6-9FFD-8344ADF1428B}.Release|Any CPU.ActiveCfg = Release|Any CPU
		{F9898636-B738-4FD6-9FFD-8344ADF1428B}.Release|Any CPU.Build.0 = Release|Any CPU
		{089A2A59-0CC6-48D5-AF72-11EE03B18F83}.Debug|Any CPU.ActiveCfg = Debug|Any CPU
		{089A2A59-0CC6-48D5-AF72-11EE03B18F83}.Debug|Any CPU.Build.0 = Debug|Any CPU
		{089A2A59-0CC6-48D5-AF72-11EE03B18F83}.Release|Any CPU.ActiveCfg = Release|Any CPU
		{089A2A59-0CC6-48D5-AF72-11EE03B18F83}.Release|Any CPU.Build.0 = Release|Any CPU
	EndGlobalSection
	GlobalSection(SolutionProperties) = preSolution
		HideSolutionNode = FALSE
	EndGlobalSection
	GlobalSection(ExtensibilityGlobals) = postSolution
		SolutionGuid = {72579EC9-6090-48E8-87F1-1EA28514FA28}
	EndGlobalSection
EndGlobal
